// !$*UTF8*$!
{
	archiveVersion = 1;
	classes = {
	};
	objectVersion = 56;
	objects = {

/* Begin PBXBuildFile section */
		DE39CD112A7C03590082B88F /* ChefDeliveryApp.swift in Sources */ = {isa = PBXBuildFile; fileRef = DE39CD102A7C03590082B88F /* ChefDeliveryApp.swift */; };
		DE39CD132A7C03590082B88F /* ContentView.swift in Sources */ = {isa = PBXBuildFile; fileRef = DE39CD122A7C03590082B88F /* ContentView.swift */; };
		DE39CD152A7C035B0082B88F /* Assets.xcassets in Resources */ = {isa = PBXBuildFile; fileRef = DE39CD142A7C035B0082B88F /* Assets.xcassets */; };
		DE39CD182A7C035B0082B88F /* Preview Assets.xcassets in Resources */ = {isa = PBXBuildFile; fileRef = DE39CD172A7C035B0082B88F /* Preview Assets.xcassets */; };
		DE57E6702A7D4D450073CBDF /* NavigationBar.swift in Sources */ = {isa = PBXBuildFile; fileRef = DE57E66F2A7D4D450073CBDF /* NavigationBar.swift */; };
		DEC229782A8299A8005FDD28 /* OrderTypeView.swift in Sources */ = {isa = PBXBuildFile; fileRef = DEC229772A8299A8005FDD28 /* OrderTypeView.swift */; };
		DED961412A83F907002D0225 /* CarouelItemView.swift in Sources */ = {isa = PBXBuildFile; fileRef = DED961402A83F907002D0225 /* CarouelItemView.swift */; };
		DED961432A83FD50002D0225 /* CarouselTabView.swift in Sources */ = {isa = PBXBuildFile; fileRef = DED961422A83FD50002D0225 /* CarouselTabView.swift */; };
		DEE2C8B92A7EAD7400604F48 /* OrderTypeGridView.swift in Sources */ = {isa = PBXBuildFile; fileRef = DEE2C8B82A7EAD7400604F48 /* OrderTypeGridView.swift */; };
		DEE2C8BC2A7EBCCD00604F48 /* OrderType.swift in Sources */ = {isa = PBXBuildFile; fileRef = DEE2C8BB2A7EBCCD00604F48 /* OrderType.swift */; };
		DEE2C8BE2A7EBE3800604F48 /* DataSourceMock.swift in Sources */ = {isa = PBXBuildFile; fileRef = DEE2C8BD2A7EBE3800604F48 /* DataSourceMock.swift */; };
/* End PBXBuildFile section */

/* Begin PBXFileReference section */
		DE39CD0D2A7C03590082B88F /* ChefDelivery.app */ = {isa = PBXFileReference; explicitFileType = wrapper.application; includeInIndex = 0; path = ChefDelivery.app; sourceTree = BUILT_PRODUCTS_DIR; };
		DE39CD102A7C03590082B88F /* ChefDeliveryApp.swift */ = {isa = PBXFileReference; lastKnownFileType = sourcecode.swift; path = ChefDeliveryApp.swift; sourceTree = "<group>"; };
		DE39CD122A7C03590082B88F /* ContentView.swift */ = {isa = PBXFileReference; lastKnownFileType = sourcecode.swift; path = ContentView.swift; sourceTree = "<group>"; };
		DE39CD142A7C035B0082B88F /* Assets.xcassets */ = {isa = PBXFileReference; lastKnownFileType = folder.assetcatalog; path = Assets.xcassets; sourceTree = "<group>"; };
		DE39CD172A7C035B0082B88F /* Preview Assets.xcassets */ = {isa = PBXFileReference; lastKnownFileType = folder.assetcatalog; path = "Preview Assets.xcassets"; sourceTree = "<group>"; };
		DE57E66F2A7D4D450073CBDF /* NavigationBar.swift */ = {isa = PBXFileReference; lastKnownFileType = sourcecode.swift; path = NavigationBar.swift; sourceTree = "<group>"; };
		DEC229772A8299A8005FDD28 /* OrderTypeView.swift */ = {isa = PBXFileReference; lastKnownFileType = sourcecode.swift; path = OrderTypeView.swift; sourceTree = "<group>"; };
		DED961402A83F907002D0225 /* CarouelItemView.swift */ = {isa = PBXFileReference; lastKnownFileType = sourcecode.swift; path = CarouelItemView.swift; sourceTree = "<group>"; };
		DED961422A83FD50002D0225 /* CarouselTabView.swift */ = {isa = PBXFileReference; lastKnownFileType = sourcecode.swift; path = CarouselTabView.swift; sourceTree = "<group>"; };
		DEE2C8B82A7EAD7400604F48 /* OrderTypeGridView.swift */ = {isa = PBXFileReference; lastKnownFileType = sourcecode.swift; path = OrderTypeGridView.swift; sourceTree = "<group>"; };
		DEE2C8BB2A7EBCCD00604F48 /* OrderType.swift */ = {isa = PBXFileReference; lastKnownFileType = sourcecode.swift; path = OrderType.swift; sourceTree = "<group>"; };
		DEE2C8BD2A7EBE3800604F48 /* DataSourceMock.swift */ = {isa = PBXFileReference; lastKnownFileType = sourcecode.swift; path = DataSourceMock.swift; sourceTree = "<group>"; };
/* End PBXFileReference section */

/* Begin PBXFrameworksBuildPhase section */
		DE39CD0A2A7C03590082B88F /* Frameworks */ = {
			isa = PBXFrameworksBuildPhase;
			buildActionMask = 2147483647;
			files = (
			);
			runOnlyForDeploymentPostprocessing = 0;
		};
/* End PBXFrameworksBuildPhase section */

/* Begin PBXGroup section */
		DE39CD042A7C03590082B88F = {
			isa = PBXGroup;
			children = (
				DE39CD0F2A7C03590082B88F /* ChefDelivery */,
				DE39CD0E2A7C03590082B88F /* Products */,
			);
			sourceTree = "<group>";
		};
		DE39CD0E2A7C03590082B88F /* Products */ = {
			isa = PBXGroup;
			children = (
				DE39CD0D2A7C03590082B88F /* ChefDelivery.app */,
			);
			name = Products;
			sourceTree = "<group>";
		};
		DE39CD0F2A7C03590082B88F /* ChefDelivery */ = {
			isa = PBXGroup;
			children = (
				DE57E66E2A7D4CC60073CBDF /* App */,
				DEE2C8BA2A7EBBD500604F48 /* Model */,
				DE57E66D2A7D4C940073CBDF /* NavigationBar */,
				DEE2C8B72A7EAD2200604F48 /* GridView */,
				DED9613F2A83F8BE002D0225 /* CarouselView */,
				DE39CD142A7C035B0082B88F /* Assets.xcassets */,
				DE39CD162A7C035B0082B88F /* Preview Content */,
			);
			path = ChefDelivery;
			sourceTree = "<group>";
		};
		DE39CD162A7C035B0082B88F /* Preview Content */ = {
			isa = PBXGroup;
			children = (
				DE39CD172A7C035B0082B88F /* Preview Assets.xcassets */,
			);
			path = "Preview Content";
			sourceTree = "<group>";
		};
		DE57E66D2A7D4C940073CBDF /* NavigationBar */ = {
			isa = PBXGroup;
			children = (
				DE57E66F2A7D4D450073CBDF /* NavigationBar.swift */,
			);
			path = NavigationBar;
			sourceTree = "<group>";
		};
		DE57E66E2A7D4CC60073CBDF /* App */ = {
			isa = PBXGroup;
			children = (
				DE39CD102A7C03590082B88F /* ChefDeliveryApp.swift */,
				DE39CD122A7C03590082B88F /* ContentView.swift */,
			);
			path = App;
			sourceTree = "<group>";
		};
		DED9613F2A83F8BE002D0225 /* CarouselView */ = {
			isa = PBXGroup;
			children = (
				DED961402A83F907002D0225 /* CarouelItemView.swift */,
				DED961422A83FD50002D0225 /* CarouselTabView.swift */,
			);
			path = CarouselView;
			sourceTree = "<group>";
		};
		DEE2C8B72A7EAD2200604F48 /* GridView */ = {
			isa = PBXGroup;
			children = (
				DEE2C8B82A7EAD7400604F48 /* OrderTypeGridView.swift */,
				DEC229772A8299A8005FDD28 /* OrderTypeView.swift */,
			);
			path = GridView;
			sourceTree = "<group>";
		};
		DEE2C8BA2A7EBBD500604F48 /* Model */ = {
			isa = PBXGroup;
			children = (
				DEE2C8BB2A7EBCCD00604F48 /* OrderType.swift */,
				DEE2C8BD2A7EBE3800604F48 /* DataSourceMock.swift */,
			);
			path = Model;
			sourceTree = "<group>";
		};
/* End PBXGroup section */

/* Begin PBXNativeTarget section */
		DE39CD0C2A7C03590082B88F /* ChefDelivery */ = {
			isa = PBXNativeTarget;
			buildConfigurationList = DE39CD1B2A7C035B0082B88F /* Build configuration list for PBXNativeTarget "ChefDelivery" */;
			buildPhases = (
				DE39CD092A7C03590082B88F /* Sources */,
				DE39CD0A2A7C03590082B88F /* Frameworks */,
				DE39CD0B2A7C03590082B88F /* Resources */,
			);
			buildRules = (
			);
			dependencies = (
			);
			name = ChefDelivery;
			productName = ChefDelivery;
			productReference = DE39CD0D2A7C03590082B88F /* ChefDelivery.app */;
			productType = "com.apple.product-type.application";
		};
/* End PBXNativeTarget section */

/* Begin PBXProject section */
		DE39CD052A7C03590082B88F /* Project object */ = {
			isa = PBXProject;
			attributes = {
				BuildIndependentTargetsInParallel = 1;
				LastSwiftUpdateCheck = 1430;
				LastUpgradeCheck = 1430;
				TargetAttributes = {
					DE39CD0C2A7C03590082B88F = {
						CreatedOnToolsVersion = 14.3;
					};
				};
			};
			buildConfigurationList = DE39CD082A7C03590082B88F /* Build configuration list for PBXProject "ChefDelivery" */;
			compatibilityVersion = "Xcode 14.0";
			developmentRegion = en;
			hasScannedForEncodings = 0;
			knownRegions = (
				en,
				Base,
			);
			mainGroup = DE39CD042A7C03590082B88F;
			productRefGroup = DE39CD0E2A7C03590082B88F /* Products */;
			projectDirPath = "";
			projectRoot = "";
			targets = (
				DE39CD0C2A7C03590082B88F /* ChefDelivery */,
			);
		};
/* End PBXProject section */

/* Begin PBXResourcesBuildPhase section */
		DE39CD0B2A7C03590082B88F /* Resources */ = {
			isa = PBXResourcesBuildPhase;
			buildActionMask = 2147483647;
			files = (
				DE39CD182A7C035B0082B88F /* Preview Assets.xcassets in Resources */,
				DE39CD152A7C035B0082B88F /* Assets.xcassets in Resources */,
			);
			runOnlyForDeploymentPostprocessing = 0;
		};
/* End PBXResourcesBuildPhase section */

/* Begin PBXSourcesBuildPhase section */
		DE39CD092A7C03590082B88F /* Sources */ = {
			isa = PBXSourcesBuildPhase;
			buildActionMask = 2147483647;
			files = (
				DEE2C8BC2A7EBCCD00604F48 /* OrderType.swift in Sources */,
				DE39CD132A7C03590082B88F /* ContentView.swift in Sources */,
				DEE2C8BE2A7EBE3800604F48 /* DataSourceMock.swift in Sources */,
				DEC229782A8299A8005FDD28 /* OrderTypeView.swift in Sources */,
				DEE2C8B92A7EAD7400604F48 /* OrderTypeGridView.swift in Sources */,
				DED961412A83F907002D0225 /* CarouelItemView.swift in Sources */,
				DE39CD112A7C03590082B88F /* ChefDeliveryApp.swift in Sources */,
				DE57E6702A7D4D450073CBDF /* NavigationBar.swift in Sources */,
				DED961432A83FD50002D0225 /* CarouselTabView.swift in Sources */,
			);
			runOnlyForDeploymentPostprocessing = 0;
		};
/* End PBXSourcesBuildPhase section */

/* Begin XCBuildConfiguration section */
		DE39CD192A7C035B0082B88F /* Debug */ = {
			isa = XCBuildConfiguration;
			buildSettings = {
				ALWAYS_SEARCH_USER_PATHS = NO;
				CLANG_ANALYZER_NONNULL = YES;
				CLANG_ANALYZER_NUMBER_OBJECT_CONVERSION = YES_AGGRESSIVE;
				CLANG_CXX_LANGUAGE_STANDARD = "gnu++20";
				CLANG_ENABLE_MODULES = YES;
				CLANG_ENABLE_OBJC_ARC = YES;
				CLANG_ENABLE_OBJC_WEAK = YES;
				CLANG_WARN_BLOCK_CAPTURE_AUTORELEASING = YES;
				CLANG_WARN_BOOL_CONVERSION = YES;
				CLANG_WARN_COMMA = YES;
				CLANG_WARN_CONSTANT_CONVERSION = YES;
				CLANG_WARN_DEPRECATED_OBJC_IMPLEMENTATIONS = YES;
				CLANG_WARN_DIRECT_OBJC_ISA_USAGE = YES_ERROR;
				CLANG_WARN_DOCUMENTATION_COMMENTS = YES;
				CLANG_WARN_EMPTY_BODY = YES;
				CLANG_WARN_ENUM_CONVERSION = YES;
				CLANG_WARN_INFINITE_RECURSION = YES;
				CLANG_WARN_INT_CONVERSION = YES;
				CLANG_WARN_NON_LITERAL_NULL_CONVERSION = YES;
				CLANG_WARN_OBJC_IMPLICIT_RETAIN_SELF = YES;
				CLANG_WARN_OBJC_LITERAL_CONVERSION = YES;
				CLANG_WARN_OBJC_ROOT_CLASS = YES_ERROR;
				CLANG_WARN_QUOTED_INCLUDE_IN_FRAMEWORK_HEADER = YES;
				CLANG_WARN_RANGE_LOOP_ANALYSIS = YES;
				CLANG_WARN_STRICT_PROTOTYPES = YES;
				CLANG_WARN_SUSPICIOUS_MOVE = YES;
				CLANG_WARN_UNGUARDED_AVAILABILITY = YES_AGGRESSIVE;
				CLANG_WARN_UNREACHABLE_CODE = YES;
				CLANG_WARN__DUPLICATE_METHOD_MATCH = YES;
				COPY_PHASE_STRIP = NO;
				DEBUG_INFORMATION_FORMAT = dwarf;
				ENABLE_STRICT_OBJC_MSGSEND = YES;
				ENABLE_TESTABILITY = YES;
				GCC_C_LANGUAGE_STANDARD = gnu11;
				GCC_DYNAMIC_NO_PIC = NO;
				GCC_NO_COMMON_BLOCKS = YES;
				GCC_OPTIMIZATION_LEVEL = 0;
				GCC_PREPROCESSOR_DEFINITIONS = (
					"DEBUG=1",
					"$(inherited)",
				);
				GCC_WARN_64_TO_32_BIT_CONVERSION = YES;
				GCC_WARN_ABOUT_RETURN_TYPE = YES_ERROR;
				GCC_WARN_UNDECLARED_SELECTOR = YES;
				GCC_WARN_UNINITIALIZED_AUTOS = YES_AGGRESSIVE;
				GCC_WARN_UNUSED_FUNCTION = YES;
				GCC_WARN_UNUSED_VARIABLE = YES;
				IPHONEOS_DEPLOYMENT_TARGET = 16.4;
				MTL_ENABLE_DEBUG_INFO = INCLUDE_SOURCE;
				MTL_FAST_MATH = YES;
				ONLY_ACTIVE_ARCH = YES;
				SDKROOT = iphoneos;
				SWIFT_ACTIVE_COMPILATION_CONDITIONS = DEBUG;
				SWIFT_OPTIMIZATION_LEVEL = "-Onone";
			};
			name = Debug;
		};
		DE39CD1A2A7C035B0082B88F /* Release */ = {
			isa = XCBuildConfiguration;
			buildSettings = {
				ALWAYS_SEARCH_USER_PATHS = NO;
				CLANG_ANALYZER_NONNULL = YES;
				CLANG_ANALYZER_NUMBER_OBJECT_CONVERSION = YES_AGGRESSIVE;
				CLANG_CXX_LANGUAGE_STANDARD = "gnu++20";
				CLANG_ENABLE_MODULES = YES;
				CLANG_ENABLE_OBJC_ARC = YES;
				CLANG_ENABLE_OBJC_WEAK = YES;
				CLANG_WARN_BLOCK_CAPTURE_AUTORELEASING = YES;
				CLANG_WARN_BOOL_CONVERSION = YES;
				CLANG_WARN_COMMA = YES;
				CLANG_WARN_CONSTANT_CONVERSION = YES;
				CLANG_WARN_DEPRECATED_OBJC_IMPLEMENTATIONS = YES;
				CLANG_WARN_DIRECT_OBJC_ISA_USAGE = YES_ERROR;
				CLANG_WARN_DOCUMENTATION_COMMENTS = YES;
				CLANG_WARN_EMPTY_BODY = YES;
				CLANG_WARN_ENUM_CONVERSION = YES;
				CLANG_WARN_INFINITE_RECURSION = YES;
				CLANG_WARN_INT_CONVERSION = YES;
				CLANG_WARN_NON_LITERAL_NULL_CONVERSION = YES;
				CLANG_WARN_OBJC_IMPLICIT_RETAIN_SELF = YES;
				CLANG_WARN_OBJC_LITERAL_CONVERSION = YES;
				CLANG_WARN_OBJC_ROOT_CLASS = YES_ERROR;
				CLANG_WARN_QUOTED_INCLUDE_IN_FRAMEWORK_HEADER = YES;
				CLANG_WARN_RANGE_LOOP_ANALYSIS = YES;
				CLANG_WARN_STRICT_PROTOTYPES = YES;
				CLANG_WARN_SUSPICIOUS_MOVE = YES;
				CLANG_WARN_UNGUARDED_AVAILABILITY = YES_AGGRESSIVE;
				CLANG_WARN_UNREACHABLE_CODE = YES;
				CLANG_WARN__DUPLICATE_METHOD_MATCH = YES;
				COPY_PHASE_STRIP = NO;
				DEBUG_INFORMATION_FORMAT = "dwarf-with-dsym";
				ENABLE_NS_ASSERTIONS = NO;
				ENABLE_STRICT_OBJC_MSGSEND = YES;
				GCC_C_LANGUAGE_STANDARD = gnu11;
				GCC_NO_COMMON_BLOCKS = YES;
				GCC_WARN_64_TO_32_BIT_CONVERSION = YES;
				GCC_WARN_ABOUT_RETURN_TYPE = YES_ERROR;
				GCC_WARN_UNDECLARED_SELECTOR = YES;
				GCC_WARN_UNINITIALIZED_AUTOS = YES_AGGRESSIVE;
				GCC_WARN_UNUSED_FUNCTION = YES;
				GCC_WARN_UNUSED_VARIABLE = YES;
				IPHONEOS_DEPLOYMENT_TARGET = 16.4;
				MTL_ENABLE_DEBUG_INFO = NO;
				MTL_FAST_MATH = YES;
				SDKROOT = iphoneos;
				SWIFT_COMPILATION_MODE = wholemodule;
				SWIFT_OPTIMIZATION_LEVEL = "-O";
				VALIDATE_PRODUCT = YES;
			};
			name = Release;
		};
		DE39CD1C2A7C035B0082B88F /* Debug */ = {
			isa = XCBuildConfiguration;
			buildSettings = {
				ASSETCATALOG_COMPILER_APPICON_NAME = AppIcon;
				ASSETCATALOG_COMPILER_GLOBAL_ACCENT_COLOR_NAME = AccentColor;
				CODE_SIGN_STYLE = Automatic;
				CURRENT_PROJECT_VERSION = 1;
				DEVELOPMENT_ASSET_PATHS = "\"ChefDelivery/Preview Content\"";
				ENABLE_PREVIEWS = YES;
				GENERATE_INFOPLIST_FILE = YES;
				INFOPLIST_KEY_UIApplicationSceneManifest_Generation = YES;
				INFOPLIST_KEY_UIApplicationSupportsIndirectInputEvents = YES;
				INFOPLIST_KEY_UILaunchScreen_Generation = YES;
				INFOPLIST_KEY_UISupportedInterfaceOrientations_iPad = "UIInterfaceOrientationPortrait UIInterfaceOrientationPortraitUpsideDown UIInterfaceOrientationLandscapeLeft UIInterfaceOrientationLandscapeRight";
				INFOPLIST_KEY_UISupportedInterfaceOrientations_iPhone = "UIInterfaceOrientationPortrait UIInterfaceOrientationLandscapeLeft UIInterfaceOrientationLandscapeRight";
				LD_RUNPATH_SEARCH_PATHS = (
					"$(inherited)",
					"@executable_path/Frameworks",
				);
				MARKETING_VERSION = 1.0;
				PRODUCT_BUNDLE_IDENTIFIER = com.natasha.ChefDelivery;
				PRODUCT_NAME = "$(TARGET_NAME)";
				SWIFT_EMIT_LOC_STRINGS = YES;
				SWIFT_VERSION = 5.0;
				TARGETED_DEVICE_FAMILY = "1,2";
			};
			name = Debug;
		};
		DE39CD1D2A7C035B0082B88F /* Release */ = {
			isa = XCBuildConfiguration;
			buildSettings = {
				ASSETCATALOG_COMPILER_APPICON_NAME = AppIcon;
				ASSETCATALOG_COMPILER_GLOBAL_ACCENT_COLOR_NAME = AccentColor;
				CODE_SIGN_STYLE = Automatic;
				CURRENT_PROJECT_VERSION = 1;
				DEVELOPMENT_ASSET_PATHS = "\"ChefDelivery/Preview Content\"";
				ENABLE_PREVIEWS = YES;
				GENERATE_INFOPLIST_FILE = YES;
				INFOPLIST_KEY_UIApplicationSceneManifest_Generation = YES;
				INFOPLIST_KEY_UIApplicationSupportsIndirectInputEvents = YES;
				INFOPLIST_KEY_UILaunchScreen_Generation = YES;
				INFOPLIST_KEY_UISupportedInterfaceOrientations_iPad = "UIInterfaceOrientationPortrait UIInterfaceOrientationPortraitUpsideDown UIInterfaceOrientationLandscapeLeft UIInterfaceOrientationLandscapeRight";
				INFOPLIST_KEY_UISupportedInterfaceOrientations_iPhone = "UIInterfaceOrientationPortrait UIInterfaceOrientationLandscapeLeft UIInterfaceOrientationLandscapeRight";
				LD_RUNPATH_SEARCH_PATHS = (
					"$(inherited)",
					"@executable_path/Frameworks",
				);
				MARKETING_VERSION = 1.0;
				PRODUCT_BUNDLE_IDENTIFIER = com.natasha.ChefDelivery;
				PRODUCT_NAME = "$(TARGET_NAME)";
				SWIFT_EMIT_LOC_STRINGS = YES;
				SWIFT_VERSION = 5.0;
				TARGETED_DEVICE_FAMILY = "1,2";
			};
			name = Release;
		};
/* End XCBuildConfiguration section */

/* Begin XCConfigurationList section */
		DE39CD082A7C03590082B88F /* Build configuration list for PBXProject "ChefDelivery" */ = {
			isa = XCConfigurationList;
			buildConfigurations = (
				DE39CD192A7C035B0082B88F /* Debug */,
				DE39CD1A2A7C035B0082B88F /* Release */,
			);
			defaultConfigurationIsVisible = 0;
			defaultConfigurationName = Release;
		};
		DE39CD1B2A7C035B0082B88F /* Build configuration list for PBXNativeTarget "ChefDelivery" */ = {
			isa = XCConfigurationList;
			buildConfigurations = (
				DE39CD1C2A7C035B0082B88F /* Debug */,
				DE39CD1D2A7C035B0082B88F /* Release */,
			);
			defaultConfigurationIsVisible = 0;
			defaultConfigurationName = Release;
		};
/* End XCConfigurationList section */
	};
	rootObject = DE39CD052A7C03590082B88F /* Project object */;
}
